
Microsoft Visual Studio Solution File, Format Version 12.00
# Visual Studio Version 17
VisualStudioVersion = 17.11.35312.102
MinimumVisualStudioVersion = 10.0.40219.1
Project("{FAE04EC0-301F-11D3-BF4B-00C04F79EFBC}") = "ExtensionGenerics", "ExtensionGenerics\ExtensionGenerics.csproj", "{639A5633-C490-439B-9B38-32703905A474}"
EndProject
Global
	GlobalSection(SolutionConfigurationPlatforms) = preSolution
		Debug|Any CPU = Debug|Any CPU
		Release|Any CPU = Release|Any CPU
	EndGlobalSection
	GlobalSection(ProjectConfigurationPlatforms) = postSolution
		{639A5633-C490-439B-9B38-32703905A474}.Debug|Any CPU.ActiveCfg = Debug|Any CPU
		{639A5633-C490-439B-9B38-32703905A474}.Debug|Any CPU.Build.0 = Debug|Any CPU
		{639A5633-C490-439B-9B38-32703905A474}.Release|Any CPU.ActiveCfg = Release|Any CPU
		{639A5633-C490-439B-9B38-32703905A474}.Release|Any CPU.Build.0 = Release|Any CPU
	EndGlobalSection
	GlobalSection(SolutionProperties) = preSolution
		HideSolutionNode = FALSE
	EndGlobalSection
	GlobalSection(ExtensibilityGlobals) = postSolution
		SolutionGuid = {53BD0D9A-2CB9-430E-B7E0-95299D82BE7E}
	EndGlobalSection
EndGlobal
